<Solution>
  <Configurations>
    <Platform Name="Any CPU" />
    <Platform Name="ARM" />
    <Platform Name="ARM64" />
    <Platform Name="x64" />
    <Platform Name="x86" />
  </Configurations>
  <Project Path="mosgaragedevapp.client/mosgaragedevapp.client.esproj">
    <Platform Project="AnyCPU" />
    <Build />
    <Deploy />
  </Project>
  <Project Path="MosgaragedevApp.Server/MosgaragedevApp.Server.csproj" />
  <Project Path="MyIde.Desktop/MyIde.Desktop.vcxproj">
    <Platform Solution="*|x86" Project="x86" />
    <Deploy />
  </Project>
</Solution>
